
Microsoft Visual Studio Solution File, Format Version 12.00
# Visual Studio 14
VisualStudioVersion = 14.0.25420.1
MinimumVisualStudioVersion = 10.0.40219.1
Project("{FAE04EC0-301F-11D3-BF4B-00C04F79EFBC}") = "SampleService", "SampleService\SampleService.csproj", "{EDA2A7D5-22A1-41EB-86DD-2C0DD3BA2F14}"
EndProject
Project("{FAE04EC0-301F-11D3-BF4B-00C04F79EFBC}") = "UserServiceLibraryTests", "UserServiceLibraryTests\UserServiceLibraryTests.csproj", "{F5CAC4A5-1482-4F71-83A5-6A251D7FD5D1}"
EndProject
Project("{FAE04EC0-301F-11D3-BF4B-00C04F79EFBC}") = "UserServiceLibrary", "UserServiceLibrary\UserServiceLibrary.csproj", "{863F2F4B-6184-4B49-8C16-DD978310BB66}"
EndProject
Project("{FAE04EC0-301F-11D3-BF4B-00C04F79EFBC}") = "WcfServiceLibrary", "WcfServiceLibrary\WcfServiceLibrary.csproj", "{35A531F7-9AAE-4F4F-80C7-8B56B89A877E}"
EndProject
Global
	GlobalSection(SolutionConfigurationPlatforms) = preSolution
		Debug|Any CPU = Debug|Any CPU
		Debug|ARM = Debug|ARM
		Debug|x64 = Debug|x64
		Debug|x86 = Debug|x86
		Release|Any CPU = Release|Any CPU
		Release|ARM = Release|ARM
		Release|x64 = Release|x64
		Release|x86 = Release|x86
	EndGlobalSection
	GlobalSection(ProjectConfigurationPlatforms) = postSolution
		{EDA2A7D5-22A1-41EB-86DD-2C0DD3BA2F14}.Debug|Any CPU.ActiveCfg = Debug|Any CPU
		{EDA2A7D5-22A1-41EB-86DD-2C0DD3BA2F14}.Debug|Any CPU.Build.0 = Debug|Any CPU
		{EDA2A7D5-22A1-41EB-86DD-2C0DD3BA2F14}.Debug|ARM.ActiveCfg = Debug|Any CPU
		{EDA2A7D5-22A1-41EB-86DD-2C0DD3BA2F14}.Debug|ARM.Build.0 = Debug|Any CPU
		{EDA2A7D5-22A1-41EB-86DD-2C0DD3BA2F14}.Debug|x64.ActiveCfg = Debug|Any CPU
		{EDA2A7D5-22A1-41EB-86DD-2C0DD3BA2F14}.Debug|x64.Build.0 = Debug|Any CPU
		{EDA2A7D5-22A1-41EB-86DD-2C0DD3BA2F14}.Debug|x86.ActiveCfg = Debug|Any CPU
		{EDA2A7D5-22A1-41EB-86DD-2C0DD3BA2F14}.Debug|x86.Build.0 = Debug|Any CPU
		{EDA2A7D5-22A1-41EB-86DD-2C0DD3BA2F14}.Release|Any CPU.ActiveCfg = Release|Any CPU
		{EDA2A7D5-22A1-41EB-86DD-2C0DD3BA2F14}.Release|Any CPU.Build.0 = Release|Any CPU
		{EDA2A7D5-22A1-41EB-86DD-2C0DD3BA2F14}.Release|ARM.ActiveCfg = Release|Any CPU
		{EDA2A7D5-22A1-41EB-86DD-2C0DD3BA2F14}.Release|ARM.Build.0 = Release|Any CPU
		{EDA2A7D5-22A1-41EB-86DD-2C0DD3BA2F14}.Release|x64.ActiveCfg = Release|Any CPU
		{EDA2A7D5-22A1-41EB-86DD-2C0DD3BA2F14}.Release|x64.Build.0 = Release|Any CPU
		{EDA2A7D5-22A1-41EB-86DD-2C0DD3BA2F14}.Release|x86.ActiveCfg = Release|Any CPU
		{EDA2A7D5-22A1-41EB-86DD-2C0DD3BA2F14}.Release|x86.Build.0 = Release|Any CPU
		{F5CAC4A5-1482-4F71-83A5-6A251D7FD5D1}.Debug|Any CPU.ActiveCfg = Debug|Any CPU
		{F5CAC4A5-1482-4F71-83A5-6A251D7FD5D1}.Debug|Any CPU.Build.0 = Debug|Any CPU
		{F5CAC4A5-1482-4F71-83A5-6A251D7FD5D1}.Debug|ARM.ActiveCfg = Debug|Any CPU
		{F5CAC4A5-1482-4F71-83A5-6A251D7FD5D1}.Debug|ARM.Build.0 = Debug|Any CPU
		{F5CAC4A5-1482-4F71-83A5-6A251D7FD5D1}.Debug|x64.ActiveCfg = Debug|Any CPU
		{F5CAC4A5-1482-4F71-83A5-6A251D7FD5D1}.Debug|x64.Build.0 = Debug|Any CPU
		{F5CAC4A5-1482-4F71-83A5-6A251D7FD5D1}.Debug|x86.ActiveCfg = Debug|Any CPU
		{F5CAC4A5-1482-4F71-83A5-6A251D7FD5D1}.Debug|x86.Build.0 = Debug|Any CPU
		{F5CAC4A5-1482-4F71-83A5-6A251D7FD5D1}.Release|Any CPU.ActiveCfg = Release|Any CPU
		{F5CAC4A5-1482-4F71-83A5-6A251D7FD5D1}.Release|Any CPU.Build.0 = Release|Any CPU
		{F5CAC4A5-1482-4F71-83A5-6A251D7FD5D1}.Release|ARM.ActiveCfg = Release|Any CPU
		{F5CAC4A5-1482-4F71-83A5-6A251D7FD5D1}.Release|ARM.Build.0 = Release|Any CPU
		{F5CAC4A5-1482-4F71-83A5-6A251D7FD5D1}.Release|x64.ActiveCfg = Release|Any CPU
		{F5CAC4A5-1482-4F71-83A5-6A251D7FD5D1}.Release|x64.Build.0 = Release|Any CPU
		{F5CAC4A5-1482-4F71-83A5-6A251D7FD5D1}.Release|x86.ActiveCfg = Release|Any CPU
		{F5CAC4A5-1482-4F71-83A5-6A251D7FD5D1}.Release|x86.Build.0 = Release|Any CPU
		{863F2F4B-6184-4B49-8C16-DD978310BB66}.Debug|Any CPU.ActiveCfg = Debug|Any CPU
		{863F2F4B-6184-4B49-8C16-DD978310BB66}.Debug|Any CPU.Build.0 = Debug|Any CPU
		{863F2F4B-6184-4B49-8C16-DD978310BB66}.Debug|ARM.ActiveCfg = Debug|Any CPU
		{863F2F4B-6184-4B49-8C16-DD978310BB66}.Debug|ARM.Build.0 = Debug|Any CPU
		{863F2F4B-6184-4B49-8C16-DD978310BB66}.Debug|x64.ActiveCfg = Debug|Any CPU
		{863F2F4B-6184-4B49-8C16-DD978310BB66}.Debug|x64.Build.0 = Debug|Any CPU
		{863F2F4B-6184-4B49-8C16-DD978310BB66}.Debug|x86.ActiveCfg = Debug|Any CPU
		{863F2F4B-6184-4B49-8C16-DD978310BB66}.Debug|x86.Build.0 = Debug|Any CPU
		{863F2F4B-6184-4B49-8C16-DD978310BB66}.Release|Any CPU.ActiveCfg = Release|Any CPU
		{863F2F4B-6184-4B49-8C16-DD978310BB66}.Release|Any CPU.Build.0 = Release|Any CPU
		{863F2F4B-6184-4B49-8C16-DD978310BB66}.Release|ARM.ActiveCfg = Release|Any CPU
		{863F2F4B-6184-4B49-8C16-DD978310BB66}.Release|ARM.Build.0 = Release|Any CPU
		{863F2F4B-6184-4B49-8C16-DD978310BB66}.Release|x64.ActiveCfg = Release|Any CPU
		{863F2F4B-6184-4B49-8C16-DD978310BB66}.Release|x64.Build.0 = Release|Any CPU
		{863F2F4B-6184-4B49-8C16-DD978310BB66}.Release|x86.ActiveCfg = Release|Any CPU
		{863F2F4B-6184-4B49-8C16-DD978310BB66}.Release|x86.Build.0 = Release|Any CPU
		{35A531F7-9AAE-4F4F-80C7-8B56B89A877E}.Debug|Any CPU.ActiveCfg = Debug|Any CPU
		{35A531F7-9AAE-4F4F-80C7-8B56B89A877E}.Debug|Any CPU.Build.0 = Debug|Any CPU
		{35A531F7-9AAE-4F4F-80C7-8B56B89A877E}.Debug|ARM.ActiveCfg = Debug|Any CPU
		{35A531F7-9AAE-4F4F-80C7-8B56B89A877E}.Debug|ARM.Build.0 = Debug|Any CPU
		{35A531F7-9AAE-4F4F-80C7-8B56B89A877E}.Debug|x64.ActiveCfg = Debug|Any CPU
		{35A531F7-9AAE-4F4F-80C7-8B56B89A877E}.Debug|x64.Build.0 = Debug|Any CPU
		{35A531F7-9AAE-4F4F-80C7-8B56B89A877E}.Debug|x86.ActiveCfg = Debug|Any CPU
		{35A531F7-9AAE-4F4F-80C7-8B56B89A877E}.Debug|x86.Build.0 = Debug|Any CPU
		{35A531F7-9AAE-4F4F-80C7-8B56B89A877E}.Release|Any CPU.ActiveCfg = Release|Any CPU
		{35A531F7-9AAE-4F4F-80C7-8B56B89A877E}.Release|Any CPU.Build.0 = Release|Any CPU
		{35A531F7-9AAE-4F4F-80C7-8B56B89A877E}.Release|ARM.ActiveCfg = Release|Any CPU
		{35A531F7-9AAE-4F4F-80C7-8B56B89A877E}.Release|ARM.Build.0 = Release|Any CPU
		{35A531F7-9AAE-4F4F-80C7-8B56B89A877E}.Release|x64.ActiveCfg = Release|Any CPU
		{35A531F7-9AAE-4F4F-80C7-8B56B89A877E}.Release|x64.Build.0 = Release|Any CPU
		{35A531F7-9AAE-4F4F-80C7-8B56B89A877E}.Release|x86.ActiveCfg = Release|Any CPU
		{35A531F7-9AAE-4F4F-80C7-8B56B89A877E}.Release|x86.Build.0 = Release|Any CPU
	EndGlobalSection
	GlobalSection(SolutionProperties) = preSolution
		HideSolutionNode = FALSE
	EndGlobalSection
EndGlobal
